
Microsoft Visual Studio Solution File, Format Version 12.00
# Visual Studio Version 16
VisualStudioVersion = 16.0.28803.156
MinimumVisualStudioVersion = 10.0.40219.1
Project("{FAE04EC0-301F-11D3-BF4B-00C04F79EFBC}") = "D055", "D055\D055.csproj", "{14E29DBC-7CFE-4EAB-9174-D976556D9936}"
EndProject
Global
	GlobalSection(SolutionConfigurationPlatforms) = preSolution
		Debug|Any CPU = Debug|Any CPU
		Release|Any CPU = Release|Any CPU
	EndGlobalSection
	GlobalSection(ProjectConfigurationPlatforms) = postSolution
		{14E29DBC-7CFE-4EAB-9174-D976556D9936}.Debug|Any CPU.ActiveCfg = Debug|Any CPU
		{14E29DBC-7CFE-4EAB-9174-D976556D9936}.Debug|Any CPU.Build.0 = Debug|Any CPU
		{14E29DBC-7CFE-4EAB-9174-D976556D9936}.Release|Any CPU.ActiveCfg = Release|Any CPU
		{14E29DBC-7CFE-4EAB-9174-D976556D9936}.Release|Any CPU.Build.0 = Release|Any CPU
	EndGlobalSection
	GlobalSection(SolutionProperties) = preSolution
		HideSolutionNode = FALSE
	EndGlobalSection
	GlobalSection(ExtensibilityGlobals) = postSolution
		SolutionGuid = {0AE514F0-5B8A-4940-9287-824C1BFF67FC}
	EndGlobalSection
EndGlobal
