
Microsoft Visual Studio Solution File, Format Version 12.00
# Visual Studio Version 16
VisualStudioVersion = 16.0.28803.156
MinimumVisualStudioVersion = 10.0.40219.1
Project("{FAE04EC0-301F-11D3-BF4B-00C04F79EFBC}") = "D016", "D016\D016.csproj", "{C9582503-DD34-4BCE-AC54-9A6DCE6AC38E}"
EndProject
Global
	GlobalSection(SolutionConfigurationPlatforms) = preSolution
		Debug|Any CPU = Debug|Any CPU
		Release|Any CPU = Release|Any CPU
	EndGlobalSection
	GlobalSection(ProjectConfigurationPlatforms) = postSolution
		{C9582503-DD34-4BCE-AC54-9A6DCE6AC38E}.Debug|Any CPU.ActiveCfg = Debug|Any CPU
		{C9582503-DD34-4BCE-AC54-9A6DCE6AC38E}.Debug|Any CPU.Build.0 = Debug|Any CPU
		{C9582503-DD34-4BCE-AC54-9A6DCE6AC38E}.Release|Any CPU.ActiveCfg = Release|Any CPU
		{C9582503-DD34-4BCE-AC54-9A6DCE6AC38E}.Release|Any CPU.Build.0 = Release|Any CPU
	EndGlobalSection
	GlobalSection(SolutionProperties) = preSolution
		HideSolutionNode = FALSE
	EndGlobalSection
	GlobalSection(ExtensibilityGlobals) = postSolution
		SolutionGuid = {E0D9E9C7-7B07-4E15-8C4C-E90886BF70E9}
	EndGlobalSection
EndGlobal
