
Microsoft Visual Studio Solution File, Format Version 12.00
Project("{FAE04EC0-301F-11D3-BF4B-00C04F79EFBC}") = "D073", "D073\D073.csproj", "{57FDA72B-8B77-4C31-82CA-550DBF714781}"
EndProject
Global
	GlobalSection(SolutionConfigurationPlatforms) = preSolution
		Debug|Any CPU = Debug|Any CPU
		Release|Any CPU = Release|Any CPU
	EndGlobalSection
	GlobalSection(ProjectConfigurationPlatforms) = postSolution
		{57FDA72B-8B77-4C31-82CA-550DBF714781}.Debug|Any CPU.ActiveCfg = Debug|Any CPU
		{57FDA72B-8B77-4C31-82CA-550DBF714781}.Debug|Any CPU.Build.0 = Debug|Any CPU
		{57FDA72B-8B77-4C31-82CA-550DBF714781}.Release|Any CPU.ActiveCfg = Release|Any CPU
		{57FDA72B-8B77-4C31-82CA-550DBF714781}.Release|Any CPU.Build.0 = Release|Any CPU
	EndGlobalSection
EndGlobal
