
Microsoft Visual Studio Solution File, Format Version 12.00
# Visual Studio Version 16
VisualStudioVersion = 16.0.28803.156
MinimumVisualStudioVersion = 10.0.40219.1
Project("{FAE04EC0-301F-11D3-BF4B-00C04F79EFBC}") = "C020", "C020\C020.csproj", "{A6687BE1-AEFB-4070-B66C-AF306FDC51E7}"
EndProject
Global
	GlobalSection(SolutionConfigurationPlatforms) = preSolution
		Debug|Any CPU = Debug|Any CPU
		Release|Any CPU = Release|Any CPU
	EndGlobalSection
	GlobalSection(ProjectConfigurationPlatforms) = postSolution
		{A6687BE1-AEFB-4070-B66C-AF306FDC51E7}.Debug|Any CPU.ActiveCfg = Debug|Any CPU
		{A6687BE1-AEFB-4070-B66C-AF306FDC51E7}.Debug|Any CPU.Build.0 = Debug|Any CPU
		{A6687BE1-AEFB-4070-B66C-AF306FDC51E7}.Release|Any CPU.ActiveCfg = Release|Any CPU
		{A6687BE1-AEFB-4070-B66C-AF306FDC51E7}.Release|Any CPU.Build.0 = Release|Any CPU
	EndGlobalSection
	GlobalSection(SolutionProperties) = preSolution
		HideSolutionNode = FALSE
	EndGlobalSection
	GlobalSection(ExtensibilityGlobals) = postSolution
		SolutionGuid = {43979F0A-7A66-4386-A712-940AE852D3BD}
	EndGlobalSection
EndGlobal
