
Microsoft Visual Studio Solution File, Format Version 12.00
# Visual Studio Version 16
VisualStudioVersion = 16.0.28803.156
MinimumVisualStudioVersion = 10.0.40219.1
Project("{FAE04EC0-301F-11D3-BF4B-00C04F79EFBC}") = "D110", "D110\D110.csproj", "{1DD2C76E-04FD-4239-8AF4-765ED4A80B71}"
EndProject
Global
	GlobalSection(SolutionConfigurationPlatforms) = preSolution
		Debug|Any CPU = Debug|Any CPU
		Release|Any CPU = Release|Any CPU
	EndGlobalSection
	GlobalSection(ProjectConfigurationPlatforms) = postSolution
		{1DD2C76E-04FD-4239-8AF4-765ED4A80B71}.Debug|Any CPU.ActiveCfg = Debug|Any CPU
		{1DD2C76E-04FD-4239-8AF4-765ED4A80B71}.Debug|Any CPU.Build.0 = Debug|Any CPU
		{1DD2C76E-04FD-4239-8AF4-765ED4A80B71}.Release|Any CPU.ActiveCfg = Release|Any CPU
		{1DD2C76E-04FD-4239-8AF4-765ED4A80B71}.Release|Any CPU.Build.0 = Release|Any CPU
	EndGlobalSection
	GlobalSection(SolutionProperties) = preSolution
		HideSolutionNode = FALSE
	EndGlobalSection
	GlobalSection(ExtensibilityGlobals) = postSolution
		SolutionGuid = {0325979A-8E21-499A-86DE-64A5DD680DC7}
	EndGlobalSection
EndGlobal
