
Microsoft Visual Studio Solution File, Format Version 12.00
Project("{FAE04EC0-301F-11D3-BF4B-00C04F79EFBC}") = "D045", "D045\D045.csproj", "{0125F316-7F4C-41BC-A87F-40342F765D2C}"
EndProject
Global
	GlobalSection(SolutionConfigurationPlatforms) = preSolution
		Debug|Any CPU = Debug|Any CPU
		Release|Any CPU = Release|Any CPU
	EndGlobalSection
	GlobalSection(ProjectConfigurationPlatforms) = postSolution
		{0125F316-7F4C-41BC-A87F-40342F765D2C}.Debug|Any CPU.ActiveCfg = Debug|Any CPU
		{0125F316-7F4C-41BC-A87F-40342F765D2C}.Debug|Any CPU.Build.0 = Debug|Any CPU
		{0125F316-7F4C-41BC-A87F-40342F765D2C}.Release|Any CPU.ActiveCfg = Release|Any CPU
		{0125F316-7F4C-41BC-A87F-40342F765D2C}.Release|Any CPU.Build.0 = Release|Any CPU
	EndGlobalSection
EndGlobal
