
Microsoft Visual Studio Solution File, Format Version 12.00
Project("{FAE04EC0-301F-11D3-BF4B-00C04F79EFBC}") = "D092", "D092\D092.csproj", "{EF3ABB18-9AAC-422A-A846-423DA2A34631}"
EndProject
Global
	GlobalSection(SolutionConfigurationPlatforms) = preSolution
		Debug|Any CPU = Debug|Any CPU
		Release|Any CPU = Release|Any CPU
	EndGlobalSection
	GlobalSection(ProjectConfigurationPlatforms) = postSolution
		{EF3ABB18-9AAC-422A-A846-423DA2A34631}.Debug|Any CPU.ActiveCfg = Debug|Any CPU
		{EF3ABB18-9AAC-422A-A846-423DA2A34631}.Debug|Any CPU.Build.0 = Debug|Any CPU
		{EF3ABB18-9AAC-422A-A846-423DA2A34631}.Release|Any CPU.ActiveCfg = Release|Any CPU
		{EF3ABB18-9AAC-422A-A846-423DA2A34631}.Release|Any CPU.Build.0 = Release|Any CPU
	EndGlobalSection
EndGlobal
