
Microsoft Visual Studio Solution File, Format Version 12.00
# Visual Studio Version 16
VisualStudioVersion = 16.0.28803.156
MinimumVisualStudioVersion = 10.0.40219.1
Project("{FAE04EC0-301F-11D3-BF4B-00C04F79EFBC}") = "D105", "D105\D105.csproj", "{08BD4FC7-CE8C-4865-8DCA-5D688B9C2A51}"
EndProject
Global
	GlobalSection(SolutionConfigurationPlatforms) = preSolution
		Debug|Any CPU = Debug|Any CPU
		Release|Any CPU = Release|Any CPU
	EndGlobalSection
	GlobalSection(ProjectConfigurationPlatforms) = postSolution
		{08BD4FC7-CE8C-4865-8DCA-5D688B9C2A51}.Debug|Any CPU.ActiveCfg = Debug|Any CPU
		{08BD4FC7-CE8C-4865-8DCA-5D688B9C2A51}.Debug|Any CPU.Build.0 = Debug|Any CPU
		{08BD4FC7-CE8C-4865-8DCA-5D688B9C2A51}.Release|Any CPU.ActiveCfg = Release|Any CPU
		{08BD4FC7-CE8C-4865-8DCA-5D688B9C2A51}.Release|Any CPU.Build.0 = Release|Any CPU
	EndGlobalSection
	GlobalSection(SolutionProperties) = preSolution
		HideSolutionNode = FALSE
	EndGlobalSection
	GlobalSection(ExtensibilityGlobals) = postSolution
		SolutionGuid = {DB217290-AF76-4730-8E90-AF0723C77C94}
	EndGlobalSection
EndGlobal
