
Microsoft Visual Studio Solution File, Format Version 12.00
# Visual Studio Version 16
VisualStudioVersion = 16.0.28803.156
MinimumVisualStudioVersion = 10.0.40219.1
Project("{FAE04EC0-301F-11D3-BF4B-00C04F79EFBC}") = "D095", "D095\D095.csproj", "{8D3ED0E8-1499-47BA-B5B1-2A442A4E520A}"
EndProject
Global
	GlobalSection(SolutionConfigurationPlatforms) = preSolution
		Debug|Any CPU = Debug|Any CPU
		Release|Any CPU = Release|Any CPU
	EndGlobalSection
	GlobalSection(ProjectConfigurationPlatforms) = postSolution
		{8D3ED0E8-1499-47BA-B5B1-2A442A4E520A}.Debug|Any CPU.ActiveCfg = Debug|Any CPU
		{8D3ED0E8-1499-47BA-B5B1-2A442A4E520A}.Debug|Any CPU.Build.0 = Debug|Any CPU
		{8D3ED0E8-1499-47BA-B5B1-2A442A4E520A}.Release|Any CPU.ActiveCfg = Release|Any CPU
		{8D3ED0E8-1499-47BA-B5B1-2A442A4E520A}.Release|Any CPU.Build.0 = Release|Any CPU
	EndGlobalSection
	GlobalSection(SolutionProperties) = preSolution
		HideSolutionNode = FALSE
	EndGlobalSection
	GlobalSection(ExtensibilityGlobals) = postSolution
		SolutionGuid = {410264B7-5175-49AA-B7BE-2E3BCBFF7869}
	EndGlobalSection
EndGlobal
