
Microsoft Visual Studio Solution File, Format Version 12.00
# Visual Studio Version 16
VisualStudioVersion = 16.0.28803.156
MinimumVisualStudioVersion = 10.0.40219.1
Project("{FAE04EC0-301F-11D3-BF4B-00C04F79EFBC}") = "D060", "D060\D060.csproj", "{86202349-E976-4F33-A93E-90407E22396D}"
EndProject
Global
	GlobalSection(SolutionConfigurationPlatforms) = preSolution
		Debug|Any CPU = Debug|Any CPU
		Release|Any CPU = Release|Any CPU
	EndGlobalSection
	GlobalSection(ProjectConfigurationPlatforms) = postSolution
		{86202349-E976-4F33-A93E-90407E22396D}.Debug|Any CPU.ActiveCfg = Debug|Any CPU
		{86202349-E976-4F33-A93E-90407E22396D}.Debug|Any CPU.Build.0 = Debug|Any CPU
		{86202349-E976-4F33-A93E-90407E22396D}.Release|Any CPU.ActiveCfg = Release|Any CPU
		{86202349-E976-4F33-A93E-90407E22396D}.Release|Any CPU.Build.0 = Release|Any CPU
	EndGlobalSection
	GlobalSection(SolutionProperties) = preSolution
		HideSolutionNode = FALSE
	EndGlobalSection
	GlobalSection(ExtensibilityGlobals) = postSolution
		SolutionGuid = {0600F8F1-8187-40E0-8B91-DAFE4E2287F9}
	EndGlobalSection
EndGlobal
