
Microsoft Visual Studio Solution File, Format Version 12.00
Project("{FAE04EC0-301F-11D3-BF4B-00C04F79EFBC}") = "D117", "D117\D117.csproj", "{B2D8CAA0-1343-4504-BDF0-35F20E254418}"
EndProject
Global
	GlobalSection(SolutionConfigurationPlatforms) = preSolution
		Debug|Any CPU = Debug|Any CPU
		Release|Any CPU = Release|Any CPU
	EndGlobalSection
	GlobalSection(ProjectConfigurationPlatforms) = postSolution
		{B2D8CAA0-1343-4504-BDF0-35F20E254418}.Debug|Any CPU.ActiveCfg = Debug|Any CPU
		{B2D8CAA0-1343-4504-BDF0-35F20E254418}.Debug|Any CPU.Build.0 = Debug|Any CPU
		{B2D8CAA0-1343-4504-BDF0-35F20E254418}.Release|Any CPU.ActiveCfg = Release|Any CPU
		{B2D8CAA0-1343-4504-BDF0-35F20E254418}.Release|Any CPU.Build.0 = Release|Any CPU
	EndGlobalSection
EndGlobal
