
Microsoft Visual Studio Solution File, Format Version 12.00
# Visual Studio Version 16
VisualStudioVersion = 16.0.28803.156
MinimumVisualStudioVersion = 10.0.40219.1
Project("{9A19103F-16F7-4668-BE54-9A1E7A4F7556}") = "botchi", "botchi\botchi.csproj", "{59115044-BD28-4F3F-8A7D-118C03487B2C}"
EndProject
Project("{FAE04EC0-301F-11D3-BF4B-00C04F79EFBC}") = "C3003", "C3003\C3003.csproj", "{D1D5667A-1746-42FE-92E7-5A589A72801E}"
EndProject
Project("{FAE04EC0-301F-11D3-BF4B-00C04F79EFBC}") = "D4002", "D4002\D4002.csproj", "{1F9BA781-DD99-4A48-B9B9-637F9DA72D1D}"
EndProject
Project("{FAE04EC0-301F-11D3-BF4B-00C04F79EFBC}") = "C3001", "C3001\C3001.csproj", "{F7444B63-2315-48BF-9C9C-44FC450267B2}"
EndProject
Project("{FAE04EC0-301F-11D3-BF4B-00C04F79EFBC}") = "C3002", "C3002\C3002.csproj", "{567C17CD-C542-4207-8095-DC7441F6A580}"
EndProject
Project("{FAE04EC0-301F-11D3-BF4B-00C04F79EFBC}") = "B2002", "B2002\B2002.csproj", "{DD576923-873C-4B27-82AB-6A90B75ABF00}"
EndProject
Project("{FAE04EC0-301F-11D3-BF4B-00C04F79EFBC}") = "D5004", "D5004\D5004.csproj", "{DAA5BD36-B867-4379-8F47-05C41CCB9199}"
EndProject
Global
	GlobalSection(SolutionConfigurationPlatforms) = preSolution
		Debug|Any CPU = Debug|Any CPU
		Release|Any CPU = Release|Any CPU
	EndGlobalSection
	GlobalSection(ProjectConfigurationPlatforms) = postSolution
		{59115044-BD28-4F3F-8A7D-118C03487B2C}.Debug|Any CPU.ActiveCfg = Debug|Any CPU
		{59115044-BD28-4F3F-8A7D-118C03487B2C}.Debug|Any CPU.Build.0 = Debug|Any CPU
		{59115044-BD28-4F3F-8A7D-118C03487B2C}.Release|Any CPU.ActiveCfg = Release|Any CPU
		{59115044-BD28-4F3F-8A7D-118C03487B2C}.Release|Any CPU.Build.0 = Release|Any CPU
		{D1D5667A-1746-42FE-92E7-5A589A72801E}.Debug|Any CPU.ActiveCfg = Debug|Any CPU
		{D1D5667A-1746-42FE-92E7-5A589A72801E}.Debug|Any CPU.Build.0 = Debug|Any CPU
		{D1D5667A-1746-42FE-92E7-5A589A72801E}.Release|Any CPU.ActiveCfg = Release|Any CPU
		{D1D5667A-1746-42FE-92E7-5A589A72801E}.Release|Any CPU.Build.0 = Release|Any CPU
		{1F9BA781-DD99-4A48-B9B9-637F9DA72D1D}.Debug|Any CPU.ActiveCfg = Debug|Any CPU
		{1F9BA781-DD99-4A48-B9B9-637F9DA72D1D}.Debug|Any CPU.Build.0 = Debug|Any CPU
		{1F9BA781-DD99-4A48-B9B9-637F9DA72D1D}.Release|Any CPU.ActiveCfg = Release|Any CPU
		{1F9BA781-DD99-4A48-B9B9-637F9DA72D1D}.Release|Any CPU.Build.0 = Release|Any CPU
		{F7444B63-2315-48BF-9C9C-44FC450267B2}.Debug|Any CPU.ActiveCfg = Debug|Any CPU
		{F7444B63-2315-48BF-9C9C-44FC450267B2}.Debug|Any CPU.Build.0 = Debug|Any CPU
		{F7444B63-2315-48BF-9C9C-44FC450267B2}.Release|Any CPU.ActiveCfg = Release|Any CPU
		{F7444B63-2315-48BF-9C9C-44FC450267B2}.Release|Any CPU.Build.0 = Release|Any CPU
		{567C17CD-C542-4207-8095-DC7441F6A580}.Debug|Any CPU.ActiveCfg = Debug|Any CPU
		{567C17CD-C542-4207-8095-DC7441F6A580}.Debug|Any CPU.Build.0 = Debug|Any CPU
		{567C17CD-C542-4207-8095-DC7441F6A580}.Release|Any CPU.ActiveCfg = Release|Any CPU
		{567C17CD-C542-4207-8095-DC7441F6A580}.Release|Any CPU.Build.0 = Release|Any CPU
		{DD576923-873C-4B27-82AB-6A90B75ABF00}.Debug|Any CPU.ActiveCfg = Debug|Any CPU
		{DD576923-873C-4B27-82AB-6A90B75ABF00}.Debug|Any CPU.Build.0 = Debug|Any CPU
		{DD576923-873C-4B27-82AB-6A90B75ABF00}.Release|Any CPU.ActiveCfg = Release|Any CPU
		{DD576923-873C-4B27-82AB-6A90B75ABF00}.Release|Any CPU.Build.0 = Release|Any CPU
		{DAA5BD36-B867-4379-8F47-05C41CCB9199}.Debug|Any CPU.ActiveCfg = Debug|Any CPU
		{DAA5BD36-B867-4379-8F47-05C41CCB9199}.Debug|Any CPU.Build.0 = Debug|Any CPU
		{DAA5BD36-B867-4379-8F47-05C41CCB9199}.Release|Any CPU.ActiveCfg = Release|Any CPU
		{DAA5BD36-B867-4379-8F47-05C41CCB9199}.Release|Any CPU.Build.0 = Release|Any CPU
	EndGlobalSection
	GlobalSection(SolutionProperties) = preSolution
		HideSolutionNode = FALSE
	EndGlobalSection
	GlobalSection(ExtensibilityGlobals) = postSolution
		SolutionGuid = {BE36D213-5D9B-44ED-99E3-D85663C82133}
	EndGlobalSection
EndGlobal
