
Microsoft Visual Studio Solution File, Format Version 12.00
# Visual Studio Version 16
VisualStudioVersion = 16.0.28803.156
MinimumVisualStudioVersion = 10.0.40219.1
Project("{FAE04EC0-301F-11D3-BF4B-00C04F79EFBC}") = "D048", "D048\D048.csproj", "{3BD60BFE-4ABB-4C7C-ABBC-F0530A86B58A}"
EndProject
Global
	GlobalSection(SolutionConfigurationPlatforms) = preSolution
		Debug|Any CPU = Debug|Any CPU
		Release|Any CPU = Release|Any CPU
	EndGlobalSection
	GlobalSection(ProjectConfigurationPlatforms) = postSolution
		{3BD60BFE-4ABB-4C7C-ABBC-F0530A86B58A}.Debug|Any CPU.ActiveCfg = Debug|Any CPU
		{3BD60BFE-4ABB-4C7C-ABBC-F0530A86B58A}.Debug|Any CPU.Build.0 = Debug|Any CPU
		{3BD60BFE-4ABB-4C7C-ABBC-F0530A86B58A}.Release|Any CPU.ActiveCfg = Release|Any CPU
		{3BD60BFE-4ABB-4C7C-ABBC-F0530A86B58A}.Release|Any CPU.Build.0 = Release|Any CPU
	EndGlobalSection
	GlobalSection(SolutionProperties) = preSolution
		HideSolutionNode = FALSE
	EndGlobalSection
	GlobalSection(ExtensibilityGlobals) = postSolution
		SolutionGuid = {21B56937-DD42-494A-A0E3-BA00C0FB35EF}
	EndGlobalSection
EndGlobal
