
Microsoft Visual Studio Solution File, Format Version 12.00
# Visual Studio Version 16
VisualStudioVersion = 16.0.28803.156
MinimumVisualStudioVersion = 10.0.40219.1
Project("{FAE04EC0-301F-11D3-BF4B-00C04F79EFBC}") = "D035", "D035\D035.csproj", "{0AA36495-DA15-4AD5-A163-92CF1EE4D0FD}"
EndProject
Global
	GlobalSection(SolutionConfigurationPlatforms) = preSolution
		Debug|Any CPU = Debug|Any CPU
		Release|Any CPU = Release|Any CPU
	EndGlobalSection
	GlobalSection(ProjectConfigurationPlatforms) = postSolution
		{0AA36495-DA15-4AD5-A163-92CF1EE4D0FD}.Debug|Any CPU.ActiveCfg = Debug|Any CPU
		{0AA36495-DA15-4AD5-A163-92CF1EE4D0FD}.Debug|Any CPU.Build.0 = Debug|Any CPU
		{0AA36495-DA15-4AD5-A163-92CF1EE4D0FD}.Release|Any CPU.ActiveCfg = Release|Any CPU
		{0AA36495-DA15-4AD5-A163-92CF1EE4D0FD}.Release|Any CPU.Build.0 = Release|Any CPU
	EndGlobalSection
	GlobalSection(SolutionProperties) = preSolution
		HideSolutionNode = FALSE
	EndGlobalSection
	GlobalSection(ExtensibilityGlobals) = postSolution
		SolutionGuid = {89A5A7A6-20EA-4C5A-B1A7-431154874B4C}
	EndGlobalSection
EndGlobal
