
Microsoft Visual Studio Solution File, Format Version 12.00
# Visual Studio Version 16
VisualStudioVersion = 16.0.28803.156
MinimumVisualStudioVersion = 10.0.40219.1
Project("{FAE04EC0-301F-11D3-BF4B-00C04F79EFBC}") = "D070", "D070\D070.csproj", "{209E74E9-8F5E-4BBD-9330-158DC77DDD89}"
EndProject
Global
	GlobalSection(SolutionConfigurationPlatforms) = preSolution
		Debug|Any CPU = Debug|Any CPU
		Release|Any CPU = Release|Any CPU
	EndGlobalSection
	GlobalSection(ProjectConfigurationPlatforms) = postSolution
		{209E74E9-8F5E-4BBD-9330-158DC77DDD89}.Debug|Any CPU.ActiveCfg = Debug|Any CPU
		{209E74E9-8F5E-4BBD-9330-158DC77DDD89}.Debug|Any CPU.Build.0 = Debug|Any CPU
		{209E74E9-8F5E-4BBD-9330-158DC77DDD89}.Release|Any CPU.ActiveCfg = Release|Any CPU
		{209E74E9-8F5E-4BBD-9330-158DC77DDD89}.Release|Any CPU.Build.0 = Release|Any CPU
	EndGlobalSection
	GlobalSection(SolutionProperties) = preSolution
		HideSolutionNode = FALSE
	EndGlobalSection
	GlobalSection(ExtensibilityGlobals) = postSolution
		SolutionGuid = {79D4251A-6FD1-4A8A-8345-FE1AD6E3C1A7}
	EndGlobalSection
EndGlobal
