
Microsoft Visual Studio Solution File, Format Version 12.00
Project("{FAE04EC0-301F-11D3-BF4B-00C04F79EFBC}") = "D013", "D013\D013.csproj", "{EE169FE5-9172-43C1-9366-48FA8ADA466D}"
EndProject
Global
	GlobalSection(SolutionConfigurationPlatforms) = preSolution
		Debug|Any CPU = Debug|Any CPU
		Release|Any CPU = Release|Any CPU
	EndGlobalSection
	GlobalSection(ProjectConfigurationPlatforms) = postSolution
		{EE169FE5-9172-43C1-9366-48FA8ADA466D}.Debug|Any CPU.ActiveCfg = Debug|Any CPU
		{EE169FE5-9172-43C1-9366-48FA8ADA466D}.Debug|Any CPU.Build.0 = Debug|Any CPU
		{EE169FE5-9172-43C1-9366-48FA8ADA466D}.Release|Any CPU.ActiveCfg = Release|Any CPU
		{EE169FE5-9172-43C1-9366-48FA8ADA466D}.Release|Any CPU.Build.0 = Release|Any CPU
	EndGlobalSection
EndGlobal
