
Microsoft Visual Studio Solution File, Format Version 12.00
Project("{FAE04EC0-301F-11D3-BF4B-00C04F79EFBC}") = "D129", "D129\D129.csproj", "{CBB070EC-E6BE-41BD-89B7-7297AE4717AD}"
EndProject
Global
	GlobalSection(SolutionConfigurationPlatforms) = preSolution
		Debug|Any CPU = Debug|Any CPU
		Release|Any CPU = Release|Any CPU
	EndGlobalSection
	GlobalSection(ProjectConfigurationPlatforms) = postSolution
		{CBB070EC-E6BE-41BD-89B7-7297AE4717AD}.Debug|Any CPU.ActiveCfg = Debug|Any CPU
		{CBB070EC-E6BE-41BD-89B7-7297AE4717AD}.Debug|Any CPU.Build.0 = Debug|Any CPU
		{CBB070EC-E6BE-41BD-89B7-7297AE4717AD}.Release|Any CPU.ActiveCfg = Release|Any CPU
		{CBB070EC-E6BE-41BD-89B7-7297AE4717AD}.Release|Any CPU.Build.0 = Release|Any CPU
	EndGlobalSection
EndGlobal
