
Microsoft Visual Studio Solution File, Format Version 12.00
Project("{FAE04EC0-301F-11D3-BF4B-00C04F79EFBC}") = "D116", "D116\D116.csproj", "{77D666DD-C73D-4AB7-AC07-4592EE624CFB}"
EndProject
Global
	GlobalSection(SolutionConfigurationPlatforms) = preSolution
		Debug|Any CPU = Debug|Any CPU
		Release|Any CPU = Release|Any CPU
	EndGlobalSection
	GlobalSection(ProjectConfigurationPlatforms) = postSolution
		{77D666DD-C73D-4AB7-AC07-4592EE624CFB}.Debug|Any CPU.ActiveCfg = Debug|Any CPU
		{77D666DD-C73D-4AB7-AC07-4592EE624CFB}.Debug|Any CPU.Build.0 = Debug|Any CPU
		{77D666DD-C73D-4AB7-AC07-4592EE624CFB}.Release|Any CPU.ActiveCfg = Release|Any CPU
		{77D666DD-C73D-4AB7-AC07-4592EE624CFB}.Release|Any CPU.Build.0 = Release|Any CPU
	EndGlobalSection
EndGlobal
