
Microsoft Visual Studio Solution File, Format Version 12.00
Project("{FAE04EC0-301F-11D3-BF4B-00C04F79EFBC}") = "D021", "D021\D021.csproj", "{C97B706C-17C7-4C3F-9C3A-776096B8DEB5}"
EndProject
Global
	GlobalSection(SolutionConfigurationPlatforms) = preSolution
		Debug|Any CPU = Debug|Any CPU
		Release|Any CPU = Release|Any CPU
	EndGlobalSection
	GlobalSection(ProjectConfigurationPlatforms) = postSolution
		{C97B706C-17C7-4C3F-9C3A-776096B8DEB5}.Debug|Any CPU.ActiveCfg = Debug|Any CPU
		{C97B706C-17C7-4C3F-9C3A-776096B8DEB5}.Debug|Any CPU.Build.0 = Debug|Any CPU
		{C97B706C-17C7-4C3F-9C3A-776096B8DEB5}.Release|Any CPU.ActiveCfg = Release|Any CPU
		{C97B706C-17C7-4C3F-9C3A-776096B8DEB5}.Release|Any CPU.Build.0 = Release|Any CPU
	EndGlobalSection
EndGlobal
