
Microsoft Visual Studio Solution File, Format Version 12.00
Project("{FAE04EC0-301F-11D3-BF4B-00C04F79EFBC}") = "D125", "D125\D125.csproj", "{3D267C7D-54AA-466A-9564-66E82153382F}"
EndProject
Global
	GlobalSection(SolutionConfigurationPlatforms) = preSolution
		Debug|Any CPU = Debug|Any CPU
		Release|Any CPU = Release|Any CPU
	EndGlobalSection
	GlobalSection(ProjectConfigurationPlatforms) = postSolution
		{3D267C7D-54AA-466A-9564-66E82153382F}.Debug|Any CPU.ActiveCfg = Debug|Any CPU
		{3D267C7D-54AA-466A-9564-66E82153382F}.Debug|Any CPU.Build.0 = Debug|Any CPU
		{3D267C7D-54AA-466A-9564-66E82153382F}.Release|Any CPU.ActiveCfg = Release|Any CPU
		{3D267C7D-54AA-466A-9564-66E82153382F}.Release|Any CPU.Build.0 = Release|Any CPU
	EndGlobalSection
EndGlobal
