
Microsoft Visual Studio Solution File, Format Version 12.00
Project("{FAE04EC0-301F-11D3-BF4B-00C04F79EFBC}") = "D043", "D043\D043.csproj", "{F5C77698-008F-439A-BFC4-C89CA41912ED}"
EndProject
Global
	GlobalSection(SolutionConfigurationPlatforms) = preSolution
		Debug|Any CPU = Debug|Any CPU
		Release|Any CPU = Release|Any CPU
	EndGlobalSection
	GlobalSection(ProjectConfigurationPlatforms) = postSolution
		{F5C77698-008F-439A-BFC4-C89CA41912ED}.Debug|Any CPU.ActiveCfg = Debug|Any CPU
		{F5C77698-008F-439A-BFC4-C89CA41912ED}.Debug|Any CPU.Build.0 = Debug|Any CPU
		{F5C77698-008F-439A-BFC4-C89CA41912ED}.Release|Any CPU.ActiveCfg = Release|Any CPU
		{F5C77698-008F-439A-BFC4-C89CA41912ED}.Release|Any CPU.Build.0 = Release|Any CPU
	EndGlobalSection
EndGlobal
