
Microsoft Visual Studio Solution File, Format Version 12.00
# Visual Studio Version 16
VisualStudioVersion = 16.0.28803.156
MinimumVisualStudioVersion = 10.0.40219.1
Project("{FAE04EC0-301F-11D3-BF4B-00C04F79EFBC}") = "D041", "D041\D041.csproj", "{1191CFD0-3D72-470B-93DD-C28A5ABBDDA3}"
EndProject
Global
	GlobalSection(SolutionConfigurationPlatforms) = preSolution
		Debug|Any CPU = Debug|Any CPU
		Release|Any CPU = Release|Any CPU
	EndGlobalSection
	GlobalSection(ProjectConfigurationPlatforms) = postSolution
		{1191CFD0-3D72-470B-93DD-C28A5ABBDDA3}.Debug|Any CPU.ActiveCfg = Debug|Any CPU
		{1191CFD0-3D72-470B-93DD-C28A5ABBDDA3}.Debug|Any CPU.Build.0 = Debug|Any CPU
		{1191CFD0-3D72-470B-93DD-C28A5ABBDDA3}.Release|Any CPU.ActiveCfg = Release|Any CPU
		{1191CFD0-3D72-470B-93DD-C28A5ABBDDA3}.Release|Any CPU.Build.0 = Release|Any CPU
	EndGlobalSection
	GlobalSection(SolutionProperties) = preSolution
		HideSolutionNode = FALSE
	EndGlobalSection
	GlobalSection(ExtensibilityGlobals) = postSolution
		SolutionGuid = {6B02E834-D844-472D-894F-69A5A535985F}
	EndGlobalSection
EndGlobal
