
Microsoft Visual Studio Solution File, Format Version 12.00
# Visual Studio Version 16
VisualStudioVersion = 16.0.28803.156
MinimumVisualStudioVersion = 10.0.40219.1
Project("{FAE04EC0-301F-11D3-BF4B-00C04F79EFBC}") = "D028", "D028\D028.csproj", "{09816B47-5759-40E9-9E21-7869D0D70057}"
EndProject
Global
	GlobalSection(SolutionConfigurationPlatforms) = preSolution
		Debug|Any CPU = Debug|Any CPU
		Release|Any CPU = Release|Any CPU
	EndGlobalSection
	GlobalSection(ProjectConfigurationPlatforms) = postSolution
		{09816B47-5759-40E9-9E21-7869D0D70057}.Debug|Any CPU.ActiveCfg = Debug|Any CPU
		{09816B47-5759-40E9-9E21-7869D0D70057}.Debug|Any CPU.Build.0 = Debug|Any CPU
		{09816B47-5759-40E9-9E21-7869D0D70057}.Release|Any CPU.ActiveCfg = Release|Any CPU
		{09816B47-5759-40E9-9E21-7869D0D70057}.Release|Any CPU.Build.0 = Release|Any CPU
	EndGlobalSection
	GlobalSection(SolutionProperties) = preSolution
		HideSolutionNode = FALSE
	EndGlobalSection
	GlobalSection(ExtensibilityGlobals) = postSolution
		SolutionGuid = {D17ED861-DD8C-40D1-9C1D-B06C76B990BC}
	EndGlobalSection
EndGlobal
