
Microsoft Visual Studio Solution File, Format Version 12.00
# Visual Studio Version 16
VisualStudioVersion = 16.0.28803.156
MinimumVisualStudioVersion = 10.0.40219.1
Project("{FAE04EC0-301F-11D3-BF4B-00C04F79EFBC}") = "D120", "D120\D120.csproj", "{33F29CA5-9AED-4D62-97AE-6BA12B001072}"
EndProject
Global
	GlobalSection(SolutionConfigurationPlatforms) = preSolution
		Debug|Any CPU = Debug|Any CPU
		Release|Any CPU = Release|Any CPU
	EndGlobalSection
	GlobalSection(ProjectConfigurationPlatforms) = postSolution
		{33F29CA5-9AED-4D62-97AE-6BA12B001072}.Debug|Any CPU.ActiveCfg = Debug|Any CPU
		{33F29CA5-9AED-4D62-97AE-6BA12B001072}.Debug|Any CPU.Build.0 = Debug|Any CPU
		{33F29CA5-9AED-4D62-97AE-6BA12B001072}.Release|Any CPU.ActiveCfg = Release|Any CPU
		{33F29CA5-9AED-4D62-97AE-6BA12B001072}.Release|Any CPU.Build.0 = Release|Any CPU
	EndGlobalSection
	GlobalSection(SolutionProperties) = preSolution
		HideSolutionNode = FALSE
	EndGlobalSection
	GlobalSection(ExtensibilityGlobals) = postSolution
		SolutionGuid = {777C2C22-6599-43C8-A727-1195FE941C94}
	EndGlobalSection
EndGlobal
