
Microsoft Visual Studio Solution File, Format Version 12.00
# Visual Studio Version 16
VisualStudioVersion = 16.0.28803.156
MinimumVisualStudioVersion = 10.0.40219.1
Project("{FAE04EC0-301F-11D3-BF4B-00C04F79EFBC}") = "D102", "D102\D102.csproj", "{1319AA19-4261-4B58-854E-74E6DFB8141C}"
EndProject
Global
	GlobalSection(SolutionConfigurationPlatforms) = preSolution
		Debug|Any CPU = Debug|Any CPU
		Release|Any CPU = Release|Any CPU
	EndGlobalSection
	GlobalSection(ProjectConfigurationPlatforms) = postSolution
		{1319AA19-4261-4B58-854E-74E6DFB8141C}.Debug|Any CPU.ActiveCfg = Debug|Any CPU
		{1319AA19-4261-4B58-854E-74E6DFB8141C}.Debug|Any CPU.Build.0 = Debug|Any CPU
		{1319AA19-4261-4B58-854E-74E6DFB8141C}.Release|Any CPU.ActiveCfg = Release|Any CPU
		{1319AA19-4261-4B58-854E-74E6DFB8141C}.Release|Any CPU.Build.0 = Release|Any CPU
	EndGlobalSection
	GlobalSection(SolutionProperties) = preSolution
		HideSolutionNode = FALSE
	EndGlobalSection
	GlobalSection(ExtensibilityGlobals) = postSolution
		SolutionGuid = {C2C1690D-6CB5-4A59-8AA3-906AAA31C23C}
	EndGlobalSection
EndGlobal
