
Microsoft Visual Studio Solution File, Format Version 12.00
# Visual Studio Version 16
VisualStudioVersion = 16.0.28803.156
MinimumVisualStudioVersion = 10.0.40219.1
Project("{FAE04EC0-301F-11D3-BF4B-00C04F79EFBC}") = "D038", "D038\D038.csproj", "{047709A9-D6A5-4BF5-BAED-97AF0A07B5F4}"
EndProject
Global
	GlobalSection(SolutionConfigurationPlatforms) = preSolution
		Debug|Any CPU = Debug|Any CPU
		Release|Any CPU = Release|Any CPU
	EndGlobalSection
	GlobalSection(ProjectConfigurationPlatforms) = postSolution
		{047709A9-D6A5-4BF5-BAED-97AF0A07B5F4}.Debug|Any CPU.ActiveCfg = Debug|Any CPU
		{047709A9-D6A5-4BF5-BAED-97AF0A07B5F4}.Debug|Any CPU.Build.0 = Debug|Any CPU
		{047709A9-D6A5-4BF5-BAED-97AF0A07B5F4}.Release|Any CPU.ActiveCfg = Release|Any CPU
		{047709A9-D6A5-4BF5-BAED-97AF0A07B5F4}.Release|Any CPU.Build.0 = Release|Any CPU
	EndGlobalSection
	GlobalSection(SolutionProperties) = preSolution
		HideSolutionNode = FALSE
	EndGlobalSection
	GlobalSection(ExtensibilityGlobals) = postSolution
		SolutionGuid = {8CF959ED-C076-4907-B481-4F82D91ACF68}
	EndGlobalSection
EndGlobal
