
Microsoft Visual Studio Solution File, Format Version 12.00
# Visual Studio Version 16
VisualStudioVersion = 16.0.28803.156
MinimumVisualStudioVersion = 10.0.40219.1
Project("{FAE04EC0-301F-11D3-BF4B-00C04F79EFBC}") = "Dynamic ProgramingSample1", "Dynamic ProgramingSample1\Dynamic ProgramingSample1.csproj", "{830AD033-ABD8-40EA-8CCD-C900295A2528}"
EndProject
Global
	GlobalSection(SolutionConfigurationPlatforms) = preSolution
		Debug|Any CPU = Debug|Any CPU
		Release|Any CPU = Release|Any CPU
	EndGlobalSection
	GlobalSection(ProjectConfigurationPlatforms) = postSolution
		{830AD033-ABD8-40EA-8CCD-C900295A2528}.Debug|Any CPU.ActiveCfg = Debug|Any CPU
		{830AD033-ABD8-40EA-8CCD-C900295A2528}.Debug|Any CPU.Build.0 = Debug|Any CPU
		{830AD033-ABD8-40EA-8CCD-C900295A2528}.Release|Any CPU.ActiveCfg = Release|Any CPU
		{830AD033-ABD8-40EA-8CCD-C900295A2528}.Release|Any CPU.Build.0 = Release|Any CPU
	EndGlobalSection
	GlobalSection(SolutionProperties) = preSolution
		HideSolutionNode = FALSE
	EndGlobalSection
	GlobalSection(ExtensibilityGlobals) = postSolution
		SolutionGuid = {A3B6D053-6169-4783-8B7E-259B5B91F7AC}
	EndGlobalSection
EndGlobal
