
Microsoft Visual Studio Solution File, Format Version 12.00
# Visual Studio Version 16
VisualStudioVersion = 16.0.28803.156
MinimumVisualStudioVersion = 10.0.40219.1
Project("{FAE04EC0-301F-11D3-BF4B-00C04F79EFBC}") = "D123", "D123\D123.csproj", "{151BCB98-4A0D-443A-89DD-474137D58E67}"
EndProject
Global
	GlobalSection(SolutionConfigurationPlatforms) = preSolution
		Debug|Any CPU = Debug|Any CPU
		Release|Any CPU = Release|Any CPU
	EndGlobalSection
	GlobalSection(ProjectConfigurationPlatforms) = postSolution
		{151BCB98-4A0D-443A-89DD-474137D58E67}.Debug|Any CPU.ActiveCfg = Debug|Any CPU
		{151BCB98-4A0D-443A-89DD-474137D58E67}.Debug|Any CPU.Build.0 = Debug|Any CPU
		{151BCB98-4A0D-443A-89DD-474137D58E67}.Release|Any CPU.ActiveCfg = Release|Any CPU
		{151BCB98-4A0D-443A-89DD-474137D58E67}.Release|Any CPU.Build.0 = Release|Any CPU
	EndGlobalSection
	GlobalSection(SolutionProperties) = preSolution
		HideSolutionNode = FALSE
	EndGlobalSection
	GlobalSection(ExtensibilityGlobals) = postSolution
		SolutionGuid = {79C3B9D8-D377-48FB-886B-5BA28642CD1C}
	EndGlobalSection
EndGlobal
