
Microsoft Visual Studio Solution File, Format Version 12.00
Project("{FAE04EC0-301F-11D3-BF4B-00C04F79EFBC}") = "D057", "D057\D057.csproj", "{D86588A1-C9B3-4E30-A858-D98CD45743BD}"
EndProject
Global
	GlobalSection(SolutionConfigurationPlatforms) = preSolution
		Debug|Any CPU = Debug|Any CPU
		Release|Any CPU = Release|Any CPU
	EndGlobalSection
	GlobalSection(ProjectConfigurationPlatforms) = postSolution
		{D86588A1-C9B3-4E30-A858-D98CD45743BD}.Debug|Any CPU.ActiveCfg = Debug|Any CPU
		{D86588A1-C9B3-4E30-A858-D98CD45743BD}.Debug|Any CPU.Build.0 = Debug|Any CPU
		{D86588A1-C9B3-4E30-A858-D98CD45743BD}.Release|Any CPU.ActiveCfg = Release|Any CPU
		{D86588A1-C9B3-4E30-A858-D98CD45743BD}.Release|Any CPU.Build.0 = Release|Any CPU
	EndGlobalSection
EndGlobal
