
Microsoft Visual Studio Solution File, Format Version 12.00
Project("{FAE04EC0-301F-11D3-BF4B-00C04F79EFBC}") = "D093", "D093\D093.csproj", "{3498793E-0829-48B6-8C98-67FDA9EAB2EE}"
EndProject
Global
	GlobalSection(SolutionConfigurationPlatforms) = preSolution
		Debug|Any CPU = Debug|Any CPU
		Release|Any CPU = Release|Any CPU
	EndGlobalSection
	GlobalSection(ProjectConfigurationPlatforms) = postSolution
		{3498793E-0829-48B6-8C98-67FDA9EAB2EE}.Debug|Any CPU.ActiveCfg = Debug|Any CPU
		{3498793E-0829-48B6-8C98-67FDA9EAB2EE}.Debug|Any CPU.Build.0 = Debug|Any CPU
		{3498793E-0829-48B6-8C98-67FDA9EAB2EE}.Release|Any CPU.ActiveCfg = Release|Any CPU
		{3498793E-0829-48B6-8C98-67FDA9EAB2EE}.Release|Any CPU.Build.0 = Release|Any CPU
	EndGlobalSection
EndGlobal
