
Microsoft Visual Studio Solution File, Format Version 12.00
Project("{FAE04EC0-301F-11D3-BF4B-00C04F79EFBC}") = "D103", "D103\D103.csproj", "{B502E2FC-4554-42F9-8D75-5CD0A0AD3EF2}"
EndProject
Global
	GlobalSection(SolutionConfigurationPlatforms) = preSolution
		Debug|Any CPU = Debug|Any CPU
		Release|Any CPU = Release|Any CPU
	EndGlobalSection
	GlobalSection(ProjectConfigurationPlatforms) = postSolution
		{B502E2FC-4554-42F9-8D75-5CD0A0AD3EF2}.Debug|Any CPU.ActiveCfg = Debug|Any CPU
		{B502E2FC-4554-42F9-8D75-5CD0A0AD3EF2}.Debug|Any CPU.Build.0 = Debug|Any CPU
		{B502E2FC-4554-42F9-8D75-5CD0A0AD3EF2}.Release|Any CPU.ActiveCfg = Release|Any CPU
		{B502E2FC-4554-42F9-8D75-5CD0A0AD3EF2}.Release|Any CPU.Build.0 = Release|Any CPU
	EndGlobalSection
EndGlobal
