
Microsoft Visual Studio Solution File, Format Version 12.00
# Visual Studio Version 16
VisualStudioVersion = 16.0.28803.156
MinimumVisualStudioVersion = 10.0.40219.1
Project("{FAE04EC0-301F-11D3-BF4B-00C04F79EFBC}") = "ALDS1_11_A", "ALDS1_11_A\ALDS1_11_A.csproj", "{F3AF2A95-C425-4A9C-8881-95075D4C2665}"
EndProject
Global
	GlobalSection(SolutionConfigurationPlatforms) = preSolution
		Debug|Any CPU = Debug|Any CPU
		Release|Any CPU = Release|Any CPU
	EndGlobalSection
	GlobalSection(ProjectConfigurationPlatforms) = postSolution
		{F3AF2A95-C425-4A9C-8881-95075D4C2665}.Debug|Any CPU.ActiveCfg = Debug|Any CPU
		{F3AF2A95-C425-4A9C-8881-95075D4C2665}.Debug|Any CPU.Build.0 = Debug|Any CPU
		{F3AF2A95-C425-4A9C-8881-95075D4C2665}.Release|Any CPU.ActiveCfg = Release|Any CPU
		{F3AF2A95-C425-4A9C-8881-95075D4C2665}.Release|Any CPU.Build.0 = Release|Any CPU
	EndGlobalSection
	GlobalSection(SolutionProperties) = preSolution
		HideSolutionNode = FALSE
	EndGlobalSection
	GlobalSection(ExtensibilityGlobals) = postSolution
		SolutionGuid = {B6DDD467-39E5-4801-8CE0-1A6077948B47}
	EndGlobalSection
EndGlobal
