
Microsoft Visual Studio Solution File, Format Version 12.00
Project("{FAE04EC0-301F-11D3-BF4B-00C04F79EFBC}") = "D026", "D026\D026.csproj", "{50ABD199-C0D6-4701-AB35-B9047D437505}"
EndProject
Global
	GlobalSection(SolutionConfigurationPlatforms) = preSolution
		Debug|Any CPU = Debug|Any CPU
		Release|Any CPU = Release|Any CPU
	EndGlobalSection
	GlobalSection(ProjectConfigurationPlatforms) = postSolution
		{50ABD199-C0D6-4701-AB35-B9047D437505}.Debug|Any CPU.ActiveCfg = Debug|Any CPU
		{50ABD199-C0D6-4701-AB35-B9047D437505}.Debug|Any CPU.Build.0 = Debug|Any CPU
		{50ABD199-C0D6-4701-AB35-B9047D437505}.Release|Any CPU.ActiveCfg = Release|Any CPU
		{50ABD199-C0D6-4701-AB35-B9047D437505}.Release|Any CPU.Build.0 = Release|Any CPU
	EndGlobalSection
EndGlobal
