
Microsoft Visual Studio Solution File, Format Version 12.00
Project("{FAE04EC0-301F-11D3-BF4B-00C04F79EFBC}") = "D101", "D101\D101.csproj", "{1F6C185C-626E-417F-ADF0-F40E3FBF0328}"
EndProject
Global
	GlobalSection(SolutionConfigurationPlatforms) = preSolution
		Debug|Any CPU = Debug|Any CPU
		Release|Any CPU = Release|Any CPU
	EndGlobalSection
	GlobalSection(ProjectConfigurationPlatforms) = postSolution
		{1F6C185C-626E-417F-ADF0-F40E3FBF0328}.Debug|Any CPU.ActiveCfg = Debug|Any CPU
		{1F6C185C-626E-417F-ADF0-F40E3FBF0328}.Debug|Any CPU.Build.0 = Debug|Any CPU
		{1F6C185C-626E-417F-ADF0-F40E3FBF0328}.Release|Any CPU.ActiveCfg = Release|Any CPU
		{1F6C185C-626E-417F-ADF0-F40E3FBF0328}.Release|Any CPU.Build.0 = Release|Any CPU
	EndGlobalSection
EndGlobal
