
Microsoft Visual Studio Solution File, Format Version 12.00
# Visual Studio Version 16
VisualStudioVersion = 16.0.28803.156
MinimumVisualStudioVersion = 10.0.40219.1
Project("{FAE04EC0-301F-11D3-BF4B-00C04F79EFBC}") = "D088", "D088\D088.csproj", "{9FCC4801-CD33-4EB4-BAEB-8B13EB92818E}"
EndProject
Global
	GlobalSection(SolutionConfigurationPlatforms) = preSolution
		Debug|Any CPU = Debug|Any CPU
		Release|Any CPU = Release|Any CPU
	EndGlobalSection
	GlobalSection(ProjectConfigurationPlatforms) = postSolution
		{9FCC4801-CD33-4EB4-BAEB-8B13EB92818E}.Debug|Any CPU.ActiveCfg = Debug|Any CPU
		{9FCC4801-CD33-4EB4-BAEB-8B13EB92818E}.Debug|Any CPU.Build.0 = Debug|Any CPU
		{9FCC4801-CD33-4EB4-BAEB-8B13EB92818E}.Release|Any CPU.ActiveCfg = Release|Any CPU
		{9FCC4801-CD33-4EB4-BAEB-8B13EB92818E}.Release|Any CPU.Build.0 = Release|Any CPU
	EndGlobalSection
	GlobalSection(SolutionProperties) = preSolution
		HideSolutionNode = FALSE
	EndGlobalSection
	GlobalSection(ExtensibilityGlobals) = postSolution
		SolutionGuid = {5DCDBD97-8C78-49B3-A0DE-09792737507B}
	EndGlobalSection
EndGlobal
