
Microsoft Visual Studio Solution File, Format Version 12.00
# Visual Studio Version 16
VisualStudioVersion = 16.0.28803.156
MinimumVisualStudioVersion = 10.0.40219.1
Project("{FAE04EC0-301F-11D3-BF4B-00C04F79EFBC}") = "D091", "D091\D091.csproj", "{3E126CAD-8678-4799-AB62-26CD0C3CA860}"
EndProject
Global
	GlobalSection(SolutionConfigurationPlatforms) = preSolution
		Debug|Any CPU = Debug|Any CPU
		Release|Any CPU = Release|Any CPU
	EndGlobalSection
	GlobalSection(ProjectConfigurationPlatforms) = postSolution
		{3E126CAD-8678-4799-AB62-26CD0C3CA860}.Debug|Any CPU.ActiveCfg = Debug|Any CPU
		{3E126CAD-8678-4799-AB62-26CD0C3CA860}.Debug|Any CPU.Build.0 = Debug|Any CPU
		{3E126CAD-8678-4799-AB62-26CD0C3CA860}.Release|Any CPU.ActiveCfg = Release|Any CPU
		{3E126CAD-8678-4799-AB62-26CD0C3CA860}.Release|Any CPU.Build.0 = Release|Any CPU
	EndGlobalSection
	GlobalSection(SolutionProperties) = preSolution
		HideSolutionNode = FALSE
	EndGlobalSection
	GlobalSection(ExtensibilityGlobals) = postSolution
		SolutionGuid = {90DB2EAA-8CA8-40DA-8D28-A2E18AD95024}
	EndGlobalSection
EndGlobal
